
Microsoft Visual Studio Solution File, Format Version 12.00
# Visual Studio Version 16
VisualStudioVersion = 16.0.32602.291
MinimumVisualStudioVersion = 10.0.40219.1
Project("{FAE04EC0-301F-11D3-BF4B-00C04F79EFBC}") = "ExpressSystem", "ExpressSystem.csproj", "{CEE6456F-2842-47EE-A3A9-F8273FD6DD54}"
EndProject
Global
	GlobalSection(SolutionConfigurationPlatforms) = preSolution
		Debug|Any CPU = Debug|Any CPU
		Release|Any CPU = Release|Any CPU
	EndGlobalSection
	GlobalSection(ProjectConfigurationPlatforms) = postSolution
		{CEE6456F-2842-47EE-A3A9-F8273FD6DD54}.Debug|Any CPU.ActiveCfg = Debug|Any CPU
		{CEE6456F-2842-47EE-A3A9-F8273FD6DD54}.Debug|Any CPU.Build.0 = Debug|Any CPU
		{CEE6456F-2842-47EE-A3A9-F8273FD6DD54}.Release|Any CPU.ActiveCfg = Release|Any CPU
		{CEE6456F-2842-47EE-A3A9-F8273FD6DD54}.Release|Any CPU.Build.0 = Release|Any CPU
	EndGlobalSection
	GlobalSection(SolutionProperties) = preSolution
		HideSolutionNode = FALSE
	EndGlobalSection
	GlobalSection(ExtensibilityGlobals) = postSolution
		SolutionGuid = {25C06F53-DD61-4E8F-9EE9-079BAD2A2EB6}
	EndGlobalSection
EndGlobal
